
Microsoft Visual Studio Solution File, Format Version 12.00
# Visual Studio Version 17
VisualStudioVersion = 17.3.32825.248
MinimumVisualStudioVersion = 10.0.40219.1
Project("{FAE04EC0-301F-11D3-BF4B-00C04F79EFBC}") = "Lists", "Lists.csproj", "{399D87F2-CA35-4398-838A-980862431335}"
EndProject
Global
	GlobalSection(SolutionConfigurationPlatforms) = preSolution
		Debug|Any CPU = Debug|Any CPU
		Release|Any CPU = Release|Any CPU
	EndGlobalSection
	GlobalSection(ProjectConfigurationPlatforms) = postSolution
		{399D87F2-CA35-4398-838A-980862431335}.Debug|Any CPU.ActiveCfg = Debug|Any CPU
		{399D87F2-CA35-4398-838A-980862431335}.Debug|Any CPU.Build.0 = Debug|Any CPU
		{399D87F2-CA35-4398-838A-980862431335}.Release|Any CPU.ActiveCfg = Release|Any CPU
		{399D87F2-CA35-4398-838A-980862431335}.Release|Any CPU.Build.0 = Release|Any CPU
	EndGlobalSection
	GlobalSection(SolutionProperties) = preSolution
		HideSolutionNode = FALSE
	EndGlobalSection
	GlobalSection(ExtensibilityGlobals) = postSolution
		SolutionGuid = {3FC9C2D4-7255-4B10-8B39-BA31C6EF8A60}
	EndGlobalSection
EndGlobal
